// !$*UTF8*$!
{
	archiveVersion = 1;
	classes = {
	};
	objectVersion = 56;
	objects = {

/* Begin PBXBuildFile section */
		384C0C802AA505F60056F28F /* TechnologyViewModel.swift in Sources */ = {isa = PBXBuildFile; fileRef = 384C0C7F2AA505F60056F28F /* TechnologyViewModel.swift */; };
		384C0C942AAA235A0056F28F /* TableCollectionViewSection.swift in Sources */ = {isa = PBXBuildFile; fileRef = 384C0C932AAA235A0056F28F /* TableCollectionViewSection.swift */; };
		386882C82AAD005D00DC3319 /* NewsListViewModel.swift in Sources */ = {isa = PBXBuildFile; fileRef = 386882C72AAD005D00DC3319 /* NewsListViewModel.swift */; };
		387ADDAB2A8A6F1B00909FBE /* AppDelegate.swift in Sources */ = {isa = PBXBuildFile; fileRef = 387ADDAA2A8A6F1B00909FBE /* AppDelegate.swift */; };
		387ADDAF2A8A6F1B00909FBE /* GeneralViewController.swift in Sources */ = {isa = PBXBuildFile; fileRef = 387ADDAE2A8A6F1B00909FBE /* GeneralViewController.swift */; };
		387ADDB42A8A6F1D00909FBE /* Assets.xcassets in Resources */ = {isa = PBXBuildFile; fileRef = 387ADDB32A8A6F1D00909FBE /* Assets.xcassets */; };
		387ADDB72A8A6F1D00909FBE /* LaunchScreen.storyboard in Resources */ = {isa = PBXBuildFile; fileRef = 387ADDB52A8A6F1D00909FBE /* LaunchScreen.storyboard */; };
		387ADDBF2A8A834600909FBE /* TabBarController.swift in Sources */ = {isa = PBXBuildFile; fileRef = 387ADDBE2A8A834600909FBE /* TabBarController.swift */; };
		387ADDC12A8A84AB00909FBE /* SportsViewController.swift in Sources */ = {isa = PBXBuildFile; fileRef = 387ADDC02A8A84AB00909FBE /* SportsViewController.swift */; };
		387ADDC32A8A867900909FBE /* TechnologyViewController.swift in Sources */ = {isa = PBXBuildFile; fileRef = 387ADDC22A8A867900909FBE /* TechnologyViewController.swift */; };
		387ADDC62A8AC87200909FBE /* SnapKit in Frameworks */ = {isa = PBXBuildFile; productRef = 387ADDC52A8AC87200909FBE /* SnapKit */; };
		387ADDCC2A8ACA9D00909FBE /* GeneralCollectionViewCell.swift in Sources */ = {isa = PBXBuildFile; fileRef = 387ADDCB2A8ACA9D00909FBE /* GeneralCollectionViewCell.swift */; };
		387ADDCE2A8AE35900909FBE /* ShowNewsViewController.swift in Sources */ = {isa = PBXBuildFile; fileRef = 387ADDCD2A8AE35900909FBE /* ShowNewsViewController.swift */; };
		38890E152A8F88FA0094BD36 /* DetailsCollectionViewCell.swift in Sources */ = {isa = PBXBuildFile; fileRef = 38890E142A8F88FA0094BD36 /* DetailsCollectionViewCell.swift */; };
		38890E172A8F958A0094BD36 /* GeneralViewModel.swift in Sources */ = {isa = PBXBuildFile; fileRef = 38890E162A8F958A0094BD36 /* GeneralViewModel.swift */; };
		38890E1A2A8FA60B0094BD36 /* NewsResponseObject.swift in Sources */ = {isa = PBXBuildFile; fileRef = 38890E192A8FA60B0094BD36 /* NewsResponseObject.swift */; };
		38890E1C2A8FA6B90094BD36 /* ArticleResponseObject.swift in Sources */ = {isa = PBXBuildFile; fileRef = 38890E1B2A8FA6B90094BD36 /* ArticleResponseObject.swift */; };
		38890E1F2A8FAB4E0094BD36 /* ArticleCellViewModel.swift in Sources */ = {isa = PBXBuildFile; fileRef = 38890E1E2A8FAB4E0094BD36 /* ArticleCellViewModel.swift */; };
		38A90F012A91833100A08FB4 /* ApiManager.swift in Sources */ = {isa = PBXBuildFile; fileRef = 38A90F002A91833100A08FB4 /* ApiManager.swift */; };
		38A90F042A920D2800A08FB4 /* NetworkingError.swift in Sources */ = {isa = PBXBuildFile; fileRef = 38A90F032A920D2800A08FB4 /* NetworkingError.swift */; };
		38A90F072A92CCC100A08FB4 /* ShowNewsViewModel.swift in Sources */ = {isa = PBXBuildFile; fileRef = 38A90F062A92CCC100A08FB4 /* ShowNewsViewModel.swift */; };
		38A90F0A2A92D92C00A08FB4 /* SportsViewModel.swift in Sources */ = {isa = PBXBuildFile; fileRef = 38A90F092A92D92C00A08FB4 /* SportsViewModel.swift */; };
/* End PBXBuildFile section */

/* Begin PBXFileReference section */
		384C0C7F2AA505F60056F28F /* TechnologyViewModel.swift */ = {isa = PBXFileReference; lastKnownFileType = sourcecode.swift; path = TechnologyViewModel.swift; sourceTree = "<group>"; };
		384C0C932AAA235A0056F28F /* TableCollectionViewSection.swift */ = {isa = PBXFileReference; lastKnownFileType = sourcecode.swift; path = TableCollectionViewSection.swift; sourceTree = "<group>"; };
		386882C72AAD005D00DC3319 /* NewsListViewModel.swift */ = {isa = PBXFileReference; lastKnownFileType = sourcecode.swift; path = NewsListViewModel.swift; sourceTree = "<group>"; };
		387ADDA72A8A6F1B00909FBE /* NewsApp.app */ = {isa = PBXFileReference; explicitFileType = wrapper.application; includeInIndex = 0; path = NewsApp.app; sourceTree = BUILT_PRODUCTS_DIR; };
		387ADDAA2A8A6F1B00909FBE /* AppDelegate.swift */ = {isa = PBXFileReference; lastKnownFileType = sourcecode.swift; path = AppDelegate.swift; sourceTree = "<group>"; };
		387ADDAE2A8A6F1B00909FBE /* GeneralViewController.swift */ = {isa = PBXFileReference; lastKnownFileType = sourcecode.swift; path = GeneralViewController.swift; sourceTree = "<group>"; };
		387ADDB32A8A6F1D00909FBE /* Assets.xcassets */ = {isa = PBXFileReference; lastKnownFileType = folder.assetcatalog; path = Assets.xcassets; sourceTree = "<group>"; };
		387ADDB62A8A6F1D00909FBE /* Base */ = {isa = PBXFileReference; lastKnownFileType = file.storyboard; name = Base; path = Base.lproj/LaunchScreen.storyboard; sourceTree = "<group>"; };
		387ADDB82A8A6F1D00909FBE /* Info.plist */ = {isa = PBXFileReference; lastKnownFileType = text.plist.xml; path = Info.plist; sourceTree = "<group>"; };
		387ADDBE2A8A834600909FBE /* TabBarController.swift */ = {isa = PBXFileReference; lastKnownFileType = sourcecode.swift; path = TabBarController.swift; sourceTree = "<group>"; };
		387ADDC02A8A84AB00909FBE /* SportsViewController.swift */ = {isa = PBXFileReference; lastKnownFileType = sourcecode.swift; path = SportsViewController.swift; sourceTree = "<group>"; };
		387ADDC22A8A867900909FBE /* TechnologyViewController.swift */ = {isa = PBXFileReference; lastKnownFileType = sourcecode.swift; path = TechnologyViewController.swift; sourceTree = "<group>"; };
		387ADDCB2A8ACA9D00909FBE /* GeneralCollectionViewCell.swift */ = {isa = PBXFileReference; lastKnownFileType = sourcecode.swift; path = GeneralCollectionViewCell.swift; sourceTree = "<group>"; };
		387ADDCD2A8AE35900909FBE /* ShowNewsViewController.swift */ = {isa = PBXFileReference; lastKnownFileType = sourcecode.swift; path = ShowNewsViewController.swift; sourceTree = "<group>"; };
		38890E142A8F88FA0094BD36 /* DetailsCollectionViewCell.swift */ = {isa = PBXFileReference; lastKnownFileType = sourcecode.swift; path = DetailsCollectionViewCell.swift; sourceTree = "<group>"; };
		38890E162A8F958A0094BD36 /* GeneralViewModel.swift */ = {isa = PBXFileReference; lastKnownFileType = sourcecode.swift; path = GeneralViewModel.swift; sourceTree = "<group>"; };
		38890E192A8FA60B0094BD36 /* NewsResponseObject.swift */ = {isa = PBXFileReference; lastKnownFileType = sourcecode.swift; path = NewsResponseObject.swift; sourceTree = "<group>"; };
		38890E1B2A8FA6B90094BD36 /* ArticleResponseObject.swift */ = {isa = PBXFileReference; lastKnownFileType = sourcecode.swift; path = ArticleResponseObject.swift; sourceTree = "<group>"; };
		38890E1E2A8FAB4E0094BD36 /* ArticleCellViewModel.swift */ = {isa = PBXFileReference; lastKnownFileType = sourcecode.swift; path = ArticleCellViewModel.swift; sourceTree = "<group>"; };
		38A90F002A91833100A08FB4 /* ApiManager.swift */ = {isa = PBXFileReference; lastKnownFileType = sourcecode.swift; path = ApiManager.swift; sourceTree = "<group>"; };
		38A90F032A920D2800A08FB4 /* NetworkingError.swift */ = {isa = PBXFileReference; lastKnownFileType = sourcecode.swift; path = NetworkingError.swift; sourceTree = "<group>"; };
		38A90F062A92CCC100A08FB4 /* ShowNewsViewModel.swift */ = {isa = PBXFileReference; lastKnownFileType = sourcecode.swift; path = ShowNewsViewModel.swift; sourceTree = "<group>"; };
		38A90F092A92D92C00A08FB4 /* SportsViewModel.swift */ = {isa = PBXFileReference; lastKnownFileType = sourcecode.swift; path = SportsViewModel.swift; sourceTree = "<group>"; };
/* End PBXFileReference section */

/* Begin PBXFrameworksBuildPhase section */
		387ADDA42A8A6F1B00909FBE /* Frameworks */ = {
			isa = PBXFrameworksBuildPhase;
			buildActionMask = 2147483647;
			files = (
				387ADDC62A8AC87200909FBE /* SnapKit in Frameworks */,
			);
			runOnlyForDeploymentPostprocessing = 0;
		};
/* End PBXFrameworksBuildPhase section */

/* Begin PBXGroup section */
		384C0C812AA505FE0056F28F /* ViewModel */ = {
			isa = PBXGroup;
			children = (
				384C0C7F2AA505F60056F28F /* TechnologyViewModel.swift */,
			);
			path = ViewModel;
			sourceTree = "<group>";
		};
		384C0C822AA506080056F28F /* View */ = {
			isa = PBXGroup;
			children = (
				387ADDC22A8A867900909FBE /* TechnologyViewController.swift */,
			);
			path = View;
			sourceTree = "<group>";
		};
		387ADD9E2A8A6F1A00909FBE = {
			isa = PBXGroup;
			children = (
				387ADDA92A8A6F1B00909FBE /* NewsApp */,
				387ADDA82A8A6F1B00909FBE /* Products */,
			);
			sourceTree = "<group>";
		};
		387ADDA82A8A6F1B00909FBE /* Products */ = {
			isa = PBXGroup;
			children = (
				387ADDA72A8A6F1B00909FBE /* NewsApp.app */,
			);
			name = Products;
			sourceTree = "<group>";
		};
		387ADDA92A8A6F1B00909FBE /* NewsApp */ = {
			isa = PBXGroup;
			children = (
				387ADDAA2A8A6F1B00909FBE /* AppDelegate.swift */,
				387ADDBE2A8A834600909FBE /* TabBarController.swift */,
				386882C72AAD005D00DC3319 /* NewsListViewModel.swift */,
				38A90F022A9183B700A08FB4 /* Networking */,
				387ADDC72A8ACA3900909FBE /* General */,
				387ADDC82A8ACA4500909FBE /* Sports */,
				387ADDC92A8ACA4C00909FBE /* Technology */,
				38A90F052A92CC8500A08FB4 /* ShowNews */,
				387ADDB32A8A6F1D00909FBE /* Assets.xcassets */,
				387ADDB52A8A6F1D00909FBE /* LaunchScreen.storyboard */,
				387ADDB82A8A6F1D00909FBE /* Info.plist */,
			);
			path = NewsApp;
			sourceTree = "<group>";
		};
		387ADDC72A8ACA3900909FBE /* General */ = {
			isa = PBXGroup;
			children = (
				387ADDCA2A8ACA7500909FBE /* View */,
				38890E182A8F958E0094BD36 /* ViewModel */,
				38890E1D2A8FA74D0094BD36 /* Model */,
			);
			path = General;
			sourceTree = "<group>";
		};
		387ADDC82A8ACA4500909FBE /* Sports */ = {
			isa = PBXGroup;
			children = (
				38A90F082A92D7DA00A08FB4 /* View */,
				3895B82E2A9B9D04001D2C6E /* ViewModel */,
			);
			path = Sports;
			sourceTree = "<group>";
		};
		387ADDC92A8ACA4C00909FBE /* Technology */ = {
			isa = PBXGroup;
			children = (
				384C0C822AA506080056F28F /* View */,
				384C0C812AA505FE0056F28F /* ViewModel */,
			);
			path = Technology;
			sourceTree = "<group>";
		};
		387ADDCA2A8ACA7500909FBE /* View */ = {
			isa = PBXGroup;
			children = (
				387ADDAE2A8A6F1B00909FBE /* GeneralViewController.swift */,
				387ADDCB2A8ACA9D00909FBE /* GeneralCollectionViewCell.swift */,
			);
			path = View;
			sourceTree = "<group>";
		};
		38890E182A8F958E0094BD36 /* ViewModel */ = {
			isa = PBXGroup;
			children = (
				38890E162A8F958A0094BD36 /* GeneralViewModel.swift */,
				38890E1E2A8FAB4E0094BD36 /* ArticleCellViewModel.swift */,
			);
			path = ViewModel;
			sourceTree = "<group>";
		};
		38890E1D2A8FA74D0094BD36 /* Model */ = {
			isa = PBXGroup;
			children = (
				38890E192A8FA60B0094BD36 /* NewsResponseObject.swift */,
				38890E1B2A8FA6B90094BD36 /* ArticleResponseObject.swift */,
				384C0C932AAA235A0056F28F /* TableCollectionViewSection.swift */,
			);
			path = Model;
			sourceTree = "<group>";
		};
		3895B82E2A9B9D04001D2C6E /* ViewModel */ = {
			isa = PBXGroup;
			children = (
				38A90F092A92D92C00A08FB4 /* SportsViewModel.swift */,
			);
			path = ViewModel;
			sourceTree = "<group>";
		};
		38A90F022A9183B700A08FB4 /* Networking */ = {
			isa = PBXGroup;
			children = (
				38A90F002A91833100A08FB4 /* ApiManager.swift */,
				38A90F032A920D2800A08FB4 /* NetworkingError.swift */,
			);
			path = Networking;
			sourceTree = "<group>";
		};
		38A90F052A92CC8500A08FB4 /* ShowNews */ = {
			isa = PBXGroup;
			children = (
				387ADDCD2A8AE35900909FBE /* ShowNewsViewController.swift */,
				38A90F062A92CCC100A08FB4 /* ShowNewsViewModel.swift */,
			);
			path = ShowNews;
			sourceTree = "<group>";
		};
		38A90F082A92D7DA00A08FB4 /* View */ = {
			isa = PBXGroup;
			children = (
				387ADDC02A8A84AB00909FBE /* SportsViewController.swift */,
				38890E142A8F88FA0094BD36 /* DetailsCollectionViewCell.swift */,
			);
			path = View;
			sourceTree = "<group>";
		};
/* End PBXGroup section */

/* Begin PBXNativeTarget section */
		387ADDA62A8A6F1B00909FBE /* NewsApp */ = {
			isa = PBXNativeTarget;
			buildConfigurationList = 387ADDBB2A8A6F1D00909FBE /* Build configuration list for PBXNativeTarget "NewsApp" */;
			buildPhases = (
				387ADDA32A8A6F1B00909FBE /* Sources */,
				387ADDA42A8A6F1B00909FBE /* Frameworks */,
				387ADDA52A8A6F1B00909FBE /* Resources */,
			);
			buildRules = (
			);
			dependencies = (
			);
			name = NewsApp;
			packageProductDependencies = (
				387ADDC52A8AC87200909FBE /* SnapKit */,
			);
			productName = NewsApp;
			productReference = 387ADDA72A8A6F1B00909FBE /* NewsApp.app */;
			productType = "com.apple.product-type.application";
		};
/* End PBXNativeTarget section */

/* Begin PBXProject section */
		387ADD9F2A8A6F1A00909FBE /* Project object */ = {
			isa = PBXProject;
			attributes = {
				BuildIndependentTargetsInParallel = 1;
				LastSwiftUpdateCheck = 1420;
				LastUpgradeCheck = 1420;
				TargetAttributes = {
					387ADDA62A8A6F1B00909FBE = {
						CreatedOnToolsVersion = 14.2;
					};
				};
			};
			buildConfigurationList = 387ADDA22A8A6F1A00909FBE /* Build configuration list for PBXProject "NewsApp" */;
			compatibilityVersion = "Xcode 14.0";
			developmentRegion = en;
			hasScannedForEncodings = 0;
			knownRegions = (
				en,
				Base,
			);
			mainGroup = 387ADD9E2A8A6F1A00909FBE;
			packageReferences = (
				387ADDC42A8AC87200909FBE /* XCRemoteSwiftPackageReference "SnapKit" */,
			);
			productRefGroup = 387ADDA82A8A6F1B00909FBE /* Products */;
			projectDirPath = "";
			projectRoot = "";
			targets = (
				387ADDA62A8A6F1B00909FBE /* NewsApp */,
			);
		};
/* End PBXProject section */

/* Begin PBXResourcesBuildPhase section */
		387ADDA52A8A6F1B00909FBE /* Resources */ = {
			isa = PBXResourcesBuildPhase;
			buildActionMask = 2147483647;
			files = (
				387ADDB72A8A6F1D00909FBE /* LaunchScreen.storyboard in Resources */,
				387ADDB42A8A6F1D00909FBE /* Assets.xcassets in Resources */,
			);
			runOnlyForDeploymentPostprocessing = 0;
		};
/* End PBXResourcesBuildPhase section */

/* Begin PBXSourcesBuildPhase section */
		387ADDA32A8A6F1B00909FBE /* Sources */ = {
			isa = PBXSourcesBuildPhase;
			buildActionMask = 2147483647;
			files = (
				38890E1C2A8FA6B90094BD36 /* ArticleResponseObject.swift in Sources */,
				38A90F072A92CCC100A08FB4 /* ShowNewsViewModel.swift in Sources */,
				387ADDC32A8A867900909FBE /* TechnologyViewController.swift in Sources */,
				387ADDCC2A8ACA9D00909FBE /* GeneralCollectionViewCell.swift in Sources */,
				387ADDBF2A8A834600909FBE /* TabBarController.swift in Sources */,
				387ADDAF2A8A6F1B00909FBE /* GeneralViewController.swift in Sources */,
				387ADDCE2A8AE35900909FBE /* ShowNewsViewController.swift in Sources */,
				38A90F0A2A92D92C00A08FB4 /* SportsViewModel.swift in Sources */,
				384C0C942AAA235A0056F28F /* TableCollectionViewSection.swift in Sources */,
				38890E172A8F958A0094BD36 /* GeneralViewModel.swift in Sources */,
				38890E1A2A8FA60B0094BD36 /* NewsResponseObject.swift in Sources */,
				38A90F012A91833100A08FB4 /* ApiManager.swift in Sources */,
				384C0C802AA505F60056F28F /* TechnologyViewModel.swift in Sources */,
				387ADDAB2A8A6F1B00909FBE /* AppDelegate.swift in Sources */,
				386882C82AAD005D00DC3319 /* NewsListViewModel.swift in Sources */,
				38A90F042A920D2800A08FB4 /* NetworkingError.swift in Sources */,
				38890E1F2A8FAB4E0094BD36 /* ArticleCellViewModel.swift in Sources */,
				387ADDC12A8A84AB00909FBE /* SportsViewController.swift in Sources */,
				38890E152A8F88FA0094BD36 /* DetailsCollectionViewCell.swift in Sources */,
			);
			runOnlyForDeploymentPostprocessing = 0;
		};
/* End PBXSourcesBuildPhase section */

/* Begin PBXVariantGroup section */
		387ADDB52A8A6F1D00909FBE /* LaunchScreen.storyboard */ = {
			isa = PBXVariantGroup;
			children = (
				387ADDB62A8A6F1D00909FBE /* Base */,
			);
			name = LaunchScreen.storyboard;
			sourceTree = "<group>";
		};
/* End PBXVariantGroup section */

/* Begin XCBuildConfiguration section */
		387ADDB92A8A6F1D00909FBE /* Debug */ = {
			isa = XCBuildConfiguration;
			buildSettings = {
				ALWAYS_SEARCH_USER_PATHS = NO;
				CLANG_ANALYZER_NONNULL = YES;
				CLANG_ANALYZER_NUMBER_OBJECT_CONVERSION = YES_AGGRESSIVE;
				CLANG_CXX_LANGUAGE_STANDARD = "gnu++20";
				CLANG_ENABLE_MODULES = YES;
				CLANG_ENABLE_OBJC_ARC = YES;
				CLANG_ENABLE_OBJC_WEAK = YES;
				CLANG_WARN_BLOCK_CAPTURE_AUTORELEASING = YES;
				CLANG_WARN_BOOL_CONVERSION = YES;
				CLANG_WARN_COMMA = YES;
				CLANG_WARN_CONSTANT_CONVERSION = YES;
				CLANG_WARN_DEPRECATED_OBJC_IMPLEMENTATIONS = YES;
				CLANG_WARN_DIRECT_OBJC_ISA_USAGE = YES_ERROR;
				CLANG_WARN_DOCUMENTATION_COMMENTS = YES;
				CLANG_WARN_EMPTY_BODY = YES;
				CLANG_WARN_ENUM_CONVERSION = YES;
				CLANG_WARN_INFINITE_RECURSION = YES;
				CLANG_WARN_INT_CONVERSION = YES;
				CLANG_WARN_NON_LITERAL_NULL_CONVERSION = YES;
				CLANG_WARN_OBJC_IMPLICIT_RETAIN_SELF = YES;
				CLANG_WARN_OBJC_LITERAL_CONVERSION = YES;
				CLANG_WARN_OBJC_ROOT_CLASS = YES_ERROR;
				CLANG_WARN_QUOTED_INCLUDE_IN_FRAMEWORK_HEADER = YES;
				CLANG_WARN_RANGE_LOOP_ANALYSIS = YES;
				CLANG_WARN_STRICT_PROTOTYPES = YES;
				CLANG_WARN_SUSPICIOUS_MOVE = YES;
				CLANG_WARN_UNGUARDED_AVAILABILITY = YES_AGGRESSIVE;
				CLANG_WARN_UNREACHABLE_CODE = YES;
				CLANG_WARN__DUPLICATE_METHOD_MATCH = YES;
				COPY_PHASE_STRIP = NO;
				DEBUG_INFORMATION_FORMAT = dwarf;
				ENABLE_STRICT_OBJC_MSGSEND = YES;
				ENABLE_TESTABILITY = YES;
				GCC_C_LANGUAGE_STANDARD = gnu11;
				GCC_DYNAMIC_NO_PIC = NO;
				GCC_NO_COMMON_BLOCKS = YES;
				GCC_OPTIMIZATION_LEVEL = 0;
				GCC_PREPROCESSOR_DEFINITIONS = (
					"DEBUG=1",
					"$(inherited)",
				);
				GCC_WARN_64_TO_32_BIT_CONVERSION = YES;
				GCC_WARN_ABOUT_RETURN_TYPE = YES_ERROR;
				GCC_WARN_UNDECLARED_SELECTOR = YES;
				GCC_WARN_UNINITIALIZED_AUTOS = YES_AGGRESSIVE;
				GCC_WARN_UNUSED_FUNCTION = YES;
				GCC_WARN_UNUSED_VARIABLE = YES;
				IPHONEOS_DEPLOYMENT_TARGET = 16.2;
				MTL_ENABLE_DEBUG_INFO = INCLUDE_SOURCE;
				MTL_FAST_MATH = YES;
				ONLY_ACTIVE_ARCH = YES;
				SDKROOT = iphoneos;
				SWIFT_ACTIVE_COMPILATION_CONDITIONS = DEBUG;
				SWIFT_OPTIMIZATION_LEVEL = "-Onone";
			};
			name = Debug;
		};
		387ADDBA2A8A6F1D00909FBE /* Release */ = {
			isa = XCBuildConfiguration;
			buildSettings = {
				ALWAYS_SEARCH_USER_PATHS = NO;
				CLANG_ANALYZER_NONNULL = YES;
				CLANG_ANALYZER_NUMBER_OBJECT_CONVERSION = YES_AGGRESSIVE;
				CLANG_CXX_LANGUAGE_STANDARD = "gnu++20";
				CLANG_ENABLE_MODULES = YES;
				CLANG_ENABLE_OBJC_ARC = YES;
				CLANG_ENABLE_OBJC_WEAK = YES;
				CLANG_WARN_BLOCK_CAPTURE_AUTORELEASING = YES;
				CLANG_WARN_BOOL_CONVERSION = YES;
				CLANG_WARN_COMMA = YES;
				CLANG_WARN_CONSTANT_CONVERSION = YES;
				CLANG_WARN_DEPRECATED_OBJC_IMPLEMENTATIONS = YES;
				CLANG_WARN_DIRECT_OBJC_ISA_USAGE = YES_ERROR;
				CLANG_WARN_DOCUMENTATION_COMMENTS = YES;
				CLANG_WARN_EMPTY_BODY = YES;
				CLANG_WARN_ENUM_CONVERSION = YES;
				CLANG_WARN_INFINITE_RECURSION = YES;
				CLANG_WARN_INT_CONVERSION = YES;
				CLANG_WARN_NON_LITERAL_NULL_CONVERSION = YES;
				CLANG_WARN_OBJC_IMPLICIT_RETAIN_SELF = YES;
				CLANG_WARN_OBJC_LITERAL_CONVERSION = YES;
				CLANG_WARN_OBJC_ROOT_CLASS = YES_ERROR;
				CLANG_WARN_QUOTED_INCLUDE_IN_FRAMEWORK_HEADER = YES;
				CLANG_WARN_RANGE_LOOP_ANALYSIS = YES;
				CLANG_WARN_STRICT_PROTOTYPES = YES;
				CLANG_WARN_SUSPICIOUS_MOVE = YES;
				CLANG_WARN_UNGUARDED_AVAILABILITY = YES_AGGRESSIVE;
				CLANG_WARN_UNREACHABLE_CODE = YES;
				CLANG_WARN__DUPLICATE_METHOD_MATCH = YES;
				COPY_PHASE_STRIP = NO;
				DEBUG_INFORMATION_FORMAT = "dwarf-with-dsym";
				ENABLE_NS_ASSERTIONS = NO;
				ENABLE_STRICT_OBJC_MSGSEND = YES;
				GCC_C_LANGUAGE_STANDARD = gnu11;
				GCC_NO_COMMON_BLOCKS = YES;
				GCC_WARN_64_TO_32_BIT_CONVERSION = YES;
				GCC_WARN_ABOUT_RETURN_TYPE = YES_ERROR;
				GCC_WARN_UNDECLARED_SELECTOR = YES;
				GCC_WARN_UNINITIALIZED_AUTOS = YES_AGGRESSIVE;
				GCC_WARN_UNUSED_FUNCTION = YES;
				GCC_WARN_UNUSED_VARIABLE = YES;
				IPHONEOS_DEPLOYMENT_TARGET = 16.2;
				MTL_ENABLE_DEBUG_INFO = NO;
				MTL_FAST_MATH = YES;
				SDKROOT = iphoneos;
				SWIFT_COMPILATION_MODE = wholemodule;
				SWIFT_OPTIMIZATION_LEVEL = "-O";
				VALIDATE_PRODUCT = YES;
			};
			name = Release;
		};
		387ADDBC2A8A6F1D00909FBE /* Debug */ = {
			isa = XCBuildConfiguration;
			buildSettings = {
				ASSETCATALOG_COMPILER_APPICON_NAME = AppIcon;
				ASSETCATALOG_COMPILER_GLOBAL_ACCENT_COLOR_NAME = AccentColor;
				CODE_SIGN_STYLE = Automatic;
				CURRENT_PROJECT_VERSION = 1;
				DEVELOPMENT_TEAM = 78MXTDCU24;
				GENERATE_INFOPLIST_FILE = YES;
				INFOPLIST_FILE = NewsApp/Info.plist;
				INFOPLIST_KEY_UIApplicationSupportsIndirectInputEvents = YES;
				INFOPLIST_KEY_UILaunchStoryboardName = LaunchScreen;
				INFOPLIST_KEY_UIMainStoryboardFile = "";
				INFOPLIST_KEY_UISupportedInterfaceOrientations_iPad = "UIInterfaceOrientationPortrait UIInterfaceOrientationPortraitUpsideDown UIInterfaceOrientationLandscapeLeft UIInterfaceOrientationLandscapeRight";
				INFOPLIST_KEY_UISupportedInterfaceOrientations_iPhone = "UIInterfaceOrientationPortrait UIInterfaceOrientationLandscapeLeft UIInterfaceOrientationLandscapeRight";
				LD_RUNPATH_SEARCH_PATHS = (
					"$(inherited)",
					"@executable_path/Frameworks",
				);
				MARKETING_VERSION = 1.0;
				PRODUCT_BUNDLE_IDENTIFIER = mycompany.com.NewsApp;
				PRODUCT_NAME = "$(TARGET_NAME)";
				SWIFT_EMIT_LOC_STRINGS = YES;
				SWIFT_VERSION = 5.0;
				TARGETED_DEVICE_FAMILY = "1,2";
			};
			name = Debug;
		};
		387ADDBD2A8A6F1D00909FBE /* Release */ = {
			isa = XCBuildConfiguration;
			buildSettings = {
				ASSETCATALOG_COMPILER_APPICON_NAME = AppIcon;
				ASSETCATALOG_COMPILER_GLOBAL_ACCENT_COLOR_NAME = AccentColor;
				CODE_SIGN_STYLE = Automatic;
				CURRENT_PROJECT_VERSION = 1;
				DEVELOPMENT_TEAM = 78MXTDCU24;
				GENERATE_INFOPLIST_FILE = YES;
				INFOPLIST_FILE = NewsApp/Info.plist;
				INFOPLIST_KEY_UIApplicationSupportsIndirectInputEvents = YES;
				INFOPLIST_KEY_UILaunchStoryboardName = LaunchScreen;
				INFOPLIST_KEY_UIMainStoryboardFile = "";
				INFOPLIST_KEY_UISupportedInterfaceOrientations_iPad = "UIInterfaceOrientationPortrait UIInterfaceOrientationPortraitUpsideDown UIInterfaceOrientationLandscapeLeft UIInterfaceOrientationLandscapeRight";
				INFOPLIST_KEY_UISupportedInterfaceOrientations_iPhone = "UIInterfaceOrientationPortrait UIInterfaceOrientationLandscapeLeft UIInterfaceOrientationLandscapeRight";
				LD_RUNPATH_SEARCH_PATHS = (
					"$(inherited)",
					"@executable_path/Frameworks",
				);
				MARKETING_VERSION = 1.0;
				PRODUCT_BUNDLE_IDENTIFIER = mycompany.com.NewsApp;
				PRODUCT_NAME = "$(TARGET_NAME)";
				SWIFT_EMIT_LOC_STRINGS = YES;
				SWIFT_VERSION = 5.0;
				TARGETED_DEVICE_FAMILY = "1,2";
			};
			name = Release;
		};
/* End XCBuildConfiguration section */

/* Begin XCConfigurationList section */
		387ADDA22A8A6F1A00909FBE /* Build configuration list for PBXProject "NewsApp" */ = {
			isa = XCConfigurationList;
			buildConfigurations = (
				387ADDB92A8A6F1D00909FBE /* Debug */,
				387ADDBA2A8A6F1D00909FBE /* Release */,
			);
			defaultConfigurationIsVisible = 0;
			defaultConfigurationName = Release;
		};
		387ADDBB2A8A6F1D00909FBE /* Build configuration list for PBXNativeTarget "NewsApp" */ = {
			isa = XCConfigurationList;
			buildConfigurations = (
				387ADDBC2A8A6F1D00909FBE /* Debug */,
				387ADDBD2A8A6F1D00909FBE /* Release */,
			);
			defaultConfigurationIsVisible = 0;
			defaultConfigurationName = Release;
		};
/* End XCConfigurationList section */

/* Begin XCRemoteSwiftPackageReference section */
		387ADDC42A8AC87200909FBE /* XCRemoteSwiftPackageReference "SnapKit" */ = {
			isa = XCRemoteSwiftPackageReference;
			repositoryURL = "https://github.com/SnapKit/SnapKit.git";
			requirement = {
				branch = develop;
				kind = branch;
			};
		};
/* End XCRemoteSwiftPackageReference section */

/* Begin XCSwiftPackageProductDependency section */
		387ADDC52A8AC87200909FBE /* SnapKit */ = {
			isa = XCSwiftPackageProductDependency;
			package = 387ADDC42A8AC87200909FBE /* XCRemoteSwiftPackageReference "SnapKit" */;
			productName = SnapKit;
		};
/* End XCSwiftPackageProductDependency section */
	};
	rootObject = 387ADD9F2A8A6F1A00909FBE /* Project object */;
}
